
Microsoft Visual Studio Solution File, Format Version 12.00
# Visual Studio Version 16
VisualStudioVersion = 16.0.30907.101
MinimumVisualStudioVersion = 10.0.40219.1
Project("{FAE04EC0-301F-11D3-BF4B-00C04F79EFBC}") = "BicycleSalon", "BicycleSalon\BicycleSalon.csproj", "{2E74F051-4D60-48D9-8E1C-E44F21847702}"
EndProject
Global
	GlobalSection(SolutionConfigurationPlatforms) = preSolution
		Debug|Any CPU = Debug|Any CPU
		Release|Any CPU = Release|Any CPU
	EndGlobalSection
	GlobalSection(ProjectConfigurationPlatforms) = postSolution
		{2E74F051-4D60-48D9-8E1C-E44F21847702}.Debug|Any CPU.ActiveCfg = Debug|Any CPU
		{2E74F051-4D60-48D9-8E1C-E44F21847702}.Debug|Any CPU.Build.0 = Debug|Any CPU
		{2E74F051-4D60-48D9-8E1C-E44F21847702}.Release|Any CPU.ActiveCfg = Release|Any CPU
		{2E74F051-4D60-48D9-8E1C-E44F21847702}.Release|Any CPU.Build.0 = Release|Any CPU
	EndGlobalSection
	GlobalSection(SolutionProperties) = preSolution
		HideSolutionNode = FALSE
	EndGlobalSection
	GlobalSection(ExtensibilityGlobals) = postSolution
		SolutionGuid = {938099D2-3D7A-4DA5-AC7A-EEF0FEFCEC09}
	EndGlobalSection
EndGlobal
